Microsoft Visual Studio Solution File, Format Version 12.00
# Visual Studio 2012
Project("{FAE04EC0-301F-11D3-BF4B-00C04F79EFBC}") = "game1", "game1.csproj", "{1648FEBA-31E8-4247-B6A2-4C184ECEF4EF}"
EndProject
Global
	GlobalSection(SolutionConfigurationPlatforms) = preSolution
	Debug|Any CPU = Debug|Any CPU
	ExportDebug|Any CPU = ExportDebug|Any CPU
	ExportRelease|Any CPU = ExportRelease|Any CPU
	EndGlobalSection
	GlobalSection(ProjectConfigurationPlatforms) = postSolution
		{1648FEBA-31E8-4247-B6A2-4C184ECEF4EF}.Debug|Any CPU.ActiveCfg = Debug|Any CPU
		{1648FEBA-31E8-4247-B6A2-4C184ECEF4EF}.Debug|Any CPU.Build.0 = Debug|Any CPU
		{1648FEBA-31E8-4247-B6A2-4C184ECEF4EF}.ExportDebug|Any CPU.ActiveCfg = ExportDebug|Any CPU
		{1648FEBA-31E8-4247-B6A2-4C184ECEF4EF}.ExportDebug|Any CPU.Build.0 = ExportDebug|Any CPU
		{1648FEBA-31E8-4247-B6A2-4C184ECEF4EF}.ExportRelease|Any CPU.ActiveCfg = ExportRelease|Any CPU
		{1648FEBA-31E8-4247-B6A2-4C184ECEF4EF}.ExportRelease|Any CPU.Build.0 = ExportRelease|Any CPU
	EndGlobalSection
EndGlobal
